
Microsoft Visual Studio Solution File, Format Version 12.00
# Visual Studio Version 16
VisualStudioVersion = 16.0.29230.47
MinimumVisualStudioVersion = 10.0.40219.1
Project("{FAE04EC0-301F-11D3-BF4B-00C04F79EFBC}") = "HelloWorld", "HelloWorld\HelloWorld.csproj", "{FD97EF15-ECF7-4920-B586-4D2B2D982400}"
EndProject
Global
	GlobalSection(SolutionConfigurationPlatforms) = preSolution
		Debug|Any CPU = Debug|Any CPU
		Release|Any CPU = Release|Any CPU
	EndGlobalSection
	GlobalSection(ProjectConfigurationPlatforms) = postSolution
		{FD97EF15-ECF7-4920-B586-4D2B2D982400}.Debug|Any CPU.ActiveCfg = Debug|Any CPU
		{FD97EF15-ECF7-4920-B586-4D2B2D982400}.Debug|Any CPU.Build.0 = Debug|Any CPU
		{FD97EF15-ECF7-4920-B586-4D2B2D982400}.Release|Any CPU.ActiveCfg = Release|Any CPU
		{FD97EF15-ECF7-4920-B586-4D2B2D982400}.Release|Any CPU.Build.0 = Release|Any CPU
	EndGlobalSection
	GlobalSection(SolutionProperties) = preSolution
		HideSolutionNode = FALSE
	EndGlobalSection
	GlobalSection(ExtensibilityGlobals) = postSolution
		SolutionGuid = {C60FA47D-9AC8-44C0-9806-1AF674B2EE38}
	EndGlobalSection
EndGlobal
